
Microsoft Visual Studio Solution File, Format Version 12.00
# Visual Studio Version 17
VisualStudioVersion = 17.3.32922.545
MinimumVisualStudioVersion = 10.0.40219.1
Project("{8BC9CEB8-8B4A-11D0-8D11-00A0C91BC942}") = "SettingsWatchdog", "SettingsWatchdog\SettingsWatchdog.vcxproj", "{9742179B-CB3C-4C58-AF9A-E631DBD43BDB}"
EndProject
Project("{2150E333-8FDC-42A3-9474-1A3956D46DE8}") = "Solution Items", "Solution Items", "{EBB19BF6-2E7E-4BC3-A8FC-8730EB8330CE}"
	ProjectSection(SolutionItems) = preProject
		.clang-format = .clang-format
		.editorconfig = .editorconfig
		.gitignore = .gitignore
		.github\workflows\build.yaml = .github\workflows\build.yaml
		LICENSE.md = LICENSE.md
		README.md = README.md
		vcpkg-response.txt = vcpkg-response.txt
		vcpkg.json = vcpkg.json
	EndProjectSection
EndProject
Global
	GlobalSection(SolutionConfigurationPlatforms) = preSolution
		Debug|x64 = Debug|x64
		Release|x64 = Release|x64
	EndGlobalSection
	GlobalSection(ProjectConfigurationPlatforms) = postSolution
		{9742179B-CB3C-4C58-AF9A-E631DBD43BDB}.Debug|x64.ActiveCfg = Debug|x64
		{9742179B-CB3C-4C58-AF9A-E631DBD43BDB}.Debug|x64.Build.0 = Debug|x64
		{9742179B-CB3C-4C58-AF9A-E631DBD43BDB}.Release|x64.ActiveCfg = Release|x64
		{9742179B-CB3C-4C58-AF9A-E631DBD43BDB}.Release|x64.Build.0 = Release|x64
	EndGlobalSection
	GlobalSection(SolutionProperties) = preSolution
		HideSolutionNode = FALSE
	EndGlobalSection
	GlobalSection(ExtensibilityGlobals) = postSolution
		SolutionGuid = {53252248-0703-4C26-9EAF-EAA70075615C}
	EndGlobalSection
EndGlobal
